
Microsoft Visual Studio Solution File, Format Version 12.00
# Visual Studio Version 17
VisualStudioVersion = 17.10.35013.160
MinimumVisualStudioVersion = 10.0.40219.1
Project("{FAE04EC0-301F-11D3-BF4B-00C04F79EFBC}") = "WebApplication1", "WebApplication1\WebApplication1.csproj", "{F29679A4-215D-4C24-AA7B-C0B662ACF2F8}"
EndProject
Global
	GlobalSection(SolutionConfigurationPlatforms) = preSolution
		Debug|Any CPU = Debug|Any CPU
		Release|Any CPU = Release|Any CPU
	EndGlobalSection
	GlobalSection(ProjectConfigurationPlatforms) = postSolution
		{F29679A4-215D-4C24-AA7B-C0B662ACF2F8}.Debug|Any CPU.ActiveCfg = Debug|Any CPU
		{F29679A4-215D-4C24-AA7B-C0B662ACF2F8}.Debug|Any CPU.Build.0 = Debug|Any CPU
		{F29679A4-215D-4C24-AA7B-C0B662ACF2F8}.Release|Any CPU.ActiveCfg = Release|Any CPU
		{F29679A4-215D-4C24-AA7B-C0B662ACF2F8}.Release|Any CPU.Build.0 = Release|Any CPU
	EndGlobalSection
	GlobalSection(SolutionProperties) = preSolution
		HideSolutionNode = FALSE
	EndGlobalSection
	GlobalSection(ExtensibilityGlobals) = postSolution
		SolutionGuid = {3D4386D4-369E-4B5C-9DC4-310EFA0A7EEC}
	EndGlobalSection
EndGlobal
